// !$*UTF8*$!
{
	archiveVersion = 1;
	classes = {
	};
	objectVersion = 50;
	objects = {

/* Begin PBXBuildFile section */
		8D00D6BA2146D57700672EB7 /* AppDelegate.swift in Sources */ = {isa = PBXBuildFile; fileRef = 8D00D6B92146D57700672EB7 /* AppDelegate.swift */; };
		8D00D6BC2146D57700672EB7 /* ViewController.swift in Sources */ = {isa = PBXBuildFile; fileRef = 8D00D6BB2146D57700672EB7 /* ViewController.swift */; };
		8D00D6C12146D57900672EB7 /* Assets.xcassets in Resources */ = {isa = PBXBuildFile; fileRef = 8D00D6C02146D57900672EB7 /* Assets.xcassets */; };
		8D00D6C42146D57900672EB7 /* LaunchScreen.storyboard in Resources */ = {isa = PBXBuildFile; fileRef = 8D00D6C22146D57900672EB7 /* LaunchScreen.storyboard */; };
		8D00D6CF2146D57900672EB7 /* SafeAreaTests.swift in Sources */ = {isa = PBXBuildFile; fileRef = 8D00D6CE2146D57900672EB7 /* SafeAreaTests.swift */; };
		8D00D6DA2146D57900672EB7 /* SafeAreaUITests.swift in Sources */ = {isa = PBXBuildFile; fileRef = 8D00D6D92146D57900672EB7 /* SafeAreaUITests.swift */; };
/* End PBXBuildFile section */

/* Begin PBXContainerItemProxy section */
		8D00D6CB2146D57900672EB7 /* PBXContainerItemProxy */ = {
			isa = PBXContainerItemProxy;
			containerPortal = 8D00D6AE2146D57600672EB7 /* Project object */;
			proxyType = 1;
			remoteGlobalIDString = 8D00D6B52146D57700672EB7;
			remoteInfo = SafeArea;
		};
		8D00D6D62146D57900672EB7 /* PBXContainerItemProxy */ = {
			isa = PBXContainerItemProxy;
			containerPortal = 8D00D6AE2146D57600672EB7 /* Project object */;
			proxyType = 1;
			remoteGlobalIDString = 8D00D6B52146D57700672EB7;
			remoteInfo = SafeArea;
		};
/* End PBXContainerItemProxy section */

/* Begin PBXFileReference section */
		8D00D6B62146D57700672EB7 /* SafeArea.app */ = {isa = PBXFileReference; explicitFileType = wrapper.application; includeInIndex = 0; path = SafeArea.app; sourceTree = BUILT_PRODUCTS_DIR; };
		8D00D6B92146D57700672EB7 /* AppDelegate.swift */ = {isa = PBXFileReference; lastKnownFileType = sourcecode.swift; path = AppDelegate.swift; sourceTree = "<group>"; };
		8D00D6BB2146D57700672EB7 /* ViewController.swift */ = {isa = PBXFileReference; lastKnownFileType = sourcecode.swift; path = ViewController.swift; sourceTree = "<group>"; };
		8D00D6C02146D57900672EB7 /* Assets.xcassets */ = {isa = PBXFileReference; lastKnownFileType = folder.assetcatalog; path = Assets.xcassets; sourceTree = "<group>"; };
		8D00D6C32146D57900672EB7 /* Base */ = {isa = PBXFileReference; lastKnownFileType = file.storyboard; name = Base; path = Base.lproj/LaunchScreen.storyboard; sourceTree = "<group>"; };
		8D00D6C52146D57900672EB7 /* Info.plist */ = {isa = PBXFileReference; lastKnownFileType = text.plist.xml; path = Info.plist; sourceTree = "<group>"; };
		8D00D6CA2146D57900672EB7 /* SafeAreaTests.xctest */ = {isa = PBXFileReference; explicitFileType = wrapper.cfbundle; includeInIndex = 0; path = SafeAreaTests.xctest; sourceTree = BUILT_PRODUCTS_DIR; };
		8D00D6CE2146D57900672EB7 /* SafeAreaTests.swift */ = {isa = PBXFileReference; lastKnownFileType = sourcecode.swift; path = SafeAreaTests.swift; sourceTree = "<group>"; };
		8D00D6D02146D57900672EB7 /* Info.plist */ = {isa = PBXFileReference; lastKnownFileType = text.plist.xml; path = Info.plist; sourceTree = "<group>"; };
		8D00D6D52146D57900672EB7 /* SafeAreaUITests.xctest */ = {isa = PBXFileReference; explicitFileType = wrapper.cfbundle; includeInIndex = 0; path = SafeAreaUITests.xctest; sourceTree = BUILT_PRODUCTS_DIR; };
		8D00D6D92146D57900672EB7 /* SafeAreaUITests.swift */ = {isa = PBXFileReference; lastKnownFileType = sourcecode.swift; path = SafeAreaUITests.swift; sourceTree = "<group>"; };
		8D00D6DB2146D57900672EB7 /* Info.plist */ = {isa = PBXFileReference; lastKnownFileType = text.plist.xml; path = Info.plist; sourceTree = "<group>"; };
/* End PBXFileReference section */

/* Begin PBXFrameworksBuildPhase section */
		8D00D6B32146D57700672EB7 /* Frameworks */ = {
			isa = PBXFrameworksBuildPhase;
			buildActionMask = 2147483647;
			files = (
			);
			runOnlyForDeploymentPostprocessing = 0;
		};
		8D00D6C72146D57900672EB7 /* Frameworks */ = {
			isa = PBXFrameworksBuildPhase;
			buildActionMask = 2147483647;
			files = (
			);
			runOnlyForDeploymentPostprocessing = 0;
		};
		8D00D6D22146D57900672EB7 /* Frameworks */ = {
			isa = PBXFrameworksBuildPhase;
			buildActionMask = 2147483647;
			files = (
			);
			runOnlyForDeploymentPostprocessing = 0;
		};
/* End PBXFrameworksBuildPhase section */

/* Begin PBXGroup section */
		8D00D6AD2146D57600672EB7 = {
			isa = PBXGroup;
			children = (
				8D00D6B82146D57700672EB7 /* SafeArea */,
				8D00D6CD2146D57900672EB7 /* SafeAreaTests */,
				8D00D6D82146D57900672EB7 /* SafeAreaUITests */,
				8D00D6B72146D57700672EB7 /* Products */,
			);
			sourceTree = "<group>";
		};
		8D00D6B72146D57700672EB7 /* Products */ = {
			isa = PBXGroup;
			children = (
				8D00D6B62146D57700672EB7 /* SafeArea.app */,
				8D00D6CA2146D57900672EB7 /* SafeAreaTests.xctest */,
				8D00D6D52146D57900672EB7 /* SafeAreaUITests.xctest */,
			);
			name = Products;
			sourceTree = "<group>";
		};
		8D00D6B82146D57700672EB7 /* SafeArea */ = {
			isa = PBXGroup;
			children = (
				8D00D6B92146D57700672EB7 /* AppDelegate.swift */,
				8D00D6BB2146D57700672EB7 /* ViewController.swift */,
				8D00D6C02146D57900672EB7 /* Assets.xcassets */,
				8D00D6C22146D57900672EB7 /* LaunchScreen.storyboard */,
				8D00D6C52146D57900672EB7 /* Info.plist */,
			);
			path = SafeArea;
			sourceTree = "<group>";
		};
		8D00D6CD2146D57900672EB7 /* SafeAreaTests */ = {
			isa = PBXGroup;
			children = (
				8D00D6CE2146D57900672EB7 /* SafeAreaTests.swift */,
				8D00D6D02146D57900672EB7 /* Info.plist */,
			);
			path = SafeAreaTests;
			sourceTree = "<group>";
		};
		8D00D6D82146D57900672EB7 /* SafeAreaUITests */ = {
			isa = PBXGroup;
			children = (
				8D00D6D92146D57900672EB7 /* SafeAreaUITests.swift */,
				8D00D6DB2146D57900672EB7 /* Info.plist */,
			);
			path = SafeAreaUITests;
			sourceTree = "<group>";
		};
/* End PBXGroup section */

/* Begin PBXNativeTarget section */
		8D00D6B52146D57700672EB7 /* SafeArea */ = {
			isa = PBXNativeTarget;
			buildConfigurationList = 8D00D6DE2146D57900672EB7 /* Build configuration list for PBXNativeTarget "SafeArea" */;
			buildPhases = (
				8D00D6B22146D57700672EB7 /* Sources */,
				8D00D6B32146D57700672EB7 /* Frameworks */,
				8D00D6B42146D57700672EB7 /* Resources */,
			);
			buildRules = (
			);
			dependencies = (
			);
			name = SafeArea;
			productName = SafeArea;
			productReference = 8D00D6B62146D57700672EB7 /* SafeArea.app */;
			productType = "com.apple.product-type.application";
		};
		8D00D6C92146D57900672EB7 /* SafeAreaTests */ = {
			isa = PBXNativeTarget;
			buildConfigurationList = 8D00D6E12146D57900672EB7 /* Build configuration list for PBXNativeTarget "SafeAreaTests" */;
			buildPhases = (
				8D00D6C62146D57900672EB7 /* Sources */,
				8D00D6C72146D57900672EB7 /* Frameworks */,
				8D00D6C82146D57900672EB7 /* Resources */,
			);
			buildRules = (
			);
			dependencies = (
				8D00D6CC2146D57900672EB7 /* PBXTargetDependency */,
			);
			name = SafeAreaTests;
			productName = SafeAreaTests;
			productReference = 8D00D6CA2146D57900672EB7 /* SafeAreaTests.xctest */;
			productType = "com.apple.product-type.bundle.unit-test";
		};
		8D00D6D42146D57900672EB7 /* SafeAreaUITests */ = {
			isa = PBXNativeTarget;
			buildConfigurationList = 8D00D6E42146D57900672EB7 /* Build configuration list for PBXNativeTarget "SafeAreaUITests" */;
			buildPhases = (
				8D00D6D12146D57900672EB7 /* Sources */,
				8D00D6D22146D57900672EB7 /* Frameworks */,
				8D00D6D32146D57900672EB7 /* Resources */,
			);
			buildRules = (
			);
			dependencies = (
				8D00D6D72146D57900672EB7 /* PBXTargetDependency */,
			);
			name = SafeAreaUITests;
			productName = SafeAreaUITests;
			productReference = 8D00D6D52146D57900672EB7 /* SafeAreaUITests.xctest */;
			productType = "com.apple.product-type.bundle.ui-testing";
		};
/* End PBXNativeTarget section */

/* Begin PBXProject section */
		8D00D6AE2146D57600672EB7 /* Project object */ = {
			isa = PBXProject;
			attributes = {
				LastSwiftUpdateCheck = 0940;
				LastUpgradeCheck = 0940;
				ORGANIZATIONNAME = "junpei ono";
				TargetAttributes = {
					8D00D6B52146D57700672EB7 = {
						CreatedOnToolsVersion = 9.4.1;
					};
					8D00D6C92146D57900672EB7 = {
						CreatedOnToolsVersion = 9.4.1;
						TestTargetID = 8D00D6B52146D57700672EB7;
					};
					8D00D6D42146D57900672EB7 = {
						CreatedOnToolsVersion = 9.4.1;
						TestTargetID = 8D00D6B52146D57700672EB7;
					};
				};
			};
			buildConfigurationList = 8D00D6B12146D57600672EB7 /* Build configuration list for PBXProject "SafeArea" */;
			compatibilityVersion = "Xcode 9.3";
			developmentRegion = en;
			hasScannedForEncodings = 0;
			knownRegions = (
				en,
				Base,
			);
			mainGroup = 8D00D6AD2146D57600672EB7;
			productRefGroup = 8D00D6B72146D57700672EB7 /* Products */;
			projectDirPath = "";
			projectRoot = "";
			targets = (
				8D00D6B52146D57700672EB7 /* SafeArea */,
				8D00D6C92146D57900672EB7 /* SafeAreaTests */,
				8D00D6D42146D57900672EB7 /* SafeAreaUITests */,
			);
		};
/* End PBXProject section */

/* Begin PBXResourcesBuildPhase section */
		8D00D6B42146D57700672EB7 /* Resources */ = {
			isa = PBXResourcesBuildPhase;
			buildActionMask = 2147483647;
			files = (
				8D00D6C42146D57900672EB7 /* LaunchScreen.storyboard in Resources */,
				8D00D6C12146D57900672EB7 /* Assets.xcassets in Resources */,
			);
			runOnlyForDeploymentPostprocessing = 0;
		};
		8D00D6C82146D57900672EB7 /* Resources */ = {
			isa = PBXResourcesBuildPhase;
			buildActionMask = 2147483647;
			files = (
			);
			runOnlyForDeploymentPostprocessing = 0;
		};
		8D00D6D32146D57900672EB7 /* Resources */ = {
			isa = PBXResourcesBuildPhase;
			buildActionMask = 2147483647;
			files = (
			);
			runOnlyForDeploymentPostprocessing = 0;
		};
/* End PBXResourcesBuildPhase section */

/* Begin PBXSourcesBuildPhase section */
		8D00D6B22146D57700672EB7 /* Sources */ = {
			isa = PBXSourcesBuildPhase;
			buildActionMask = 2147483647;
			files = (
				8D00D6BC2146D57700672EB7 /* ViewController.swift in Sources */,
				8D00D6BA2146D57700672EB7 /* AppDelegate.swift in Sources */,
			);
			runOnlyForDeploymentPostprocessing = 0;
		};
		8D00D6C62146D57900672EB7 /* Sources */ = {
			isa = PBXSourcesBuildPhase;
			buildActionMask = 2147483647;
			files = (
				8D00D6CF2146D57900672EB7 /* SafeAreaTests.swift in Sources */,
			);
			runOnlyForDeploymentPostprocessing = 0;
		};
		8D00D6D12146D57900672EB7 /* Sources */ = {
			isa = PBXSourcesBuildPhase;
			buildActionMask = 2147483647;
			files = (
				8D00D6DA2146D57900672EB7 /* SafeAreaUITests.swift in Sources */,
			);
			runOnlyForDeploymentPostprocessing = 0;
		};
/* End PBXSourcesBuildPhase section */

/* Begin PBXTargetDependency section */
		8D00D6CC2146D57900672EB7 /* PBXTargetDependency */ = {
			isa = PBXTargetDependency;
			target = 8D00D6B52146D57700672EB7 /* SafeArea */;
			targetProxy = 8D00D6CB2146D57900672EB7 /* PBXContainerItemProxy */;
		};
		8D00D6D72146D57900672EB7 /* PBXTargetDependency */ = {
			isa = PBXTargetDependency;
			target = 8D00D6B52146D57700672EB7 /* SafeArea */;
			targetProxy = 8D00D6D62146D57900672EB7 /* PBXContainerItemProxy */;
		};
/* End PBXTargetDependency section */

/* Begin PBXVariantGroup section */
		8D00D6C22146D57900672EB7 /* LaunchScreen.storyboard */ = {
			isa = PBXVariantGroup;
			children = (
				8D00D6C32146D57900672EB7 /* Base */,
			);
			name = LaunchScreen.storyboard;
			sourceTree = "<group>";
		};
/* End PBXVariantGroup section */

/* Begin XCBuildConfiguration section */
		8D00D6DC2146D57900672EB7 /* Debug */ = {
			isa = XCBuildConfiguration;
			buildSettings = {
				ALWAYS_SEARCH_USER_PATHS = NO;
				CLANG_ANALYZER_NONNULL = YES;
				CLANG_ANALYZER_NUMBER_OBJECT_CONVERSION = YES_AGGRESSIVE;
				CLANG_CXX_LANGUAGE_STANDARD = "gnu++14";
				CLANG_CXX_LIBRARY = "libc++";
				CLANG_ENABLE_MODULES = YES;
				CLANG_ENABLE_OBJC_ARC = YES;
				CLANG_ENABLE_OBJC_WEAK = YES;
				CLANG_WARN_BLOCK_CAPTURE_AUTORELEASING = YES;
				CLANG_WARN_BOOL_CONVERSION = YES;
				CLANG_WARN_COMMA = YES;
				CLANG_WARN_CONSTANT_CONVERSION = YES;
				CLANG_WARN_DEPRECATED_OBJC_IMPLEMENTATIONS = YES;
				CLANG_WARN_DIRECT_OBJC_ISA_USAGE = YES_ERROR;
				CLANG_WARN_DOCUMENTATION_COMMENTS = YES;
				CLANG_WARN_EMPTY_BODY = YES;
				CLANG_WARN_ENUM_CONVERSION = YES;
				CLANG_WARN_INFINITE_RECURSION = YES;
				CLANG_WARN_INT_CONVERSION = YES;
				CLANG_WARN_NON_LITERAL_NULL_CONVERSION = YES;
				CLANG_WARN_OBJC_IMPLICIT_RETAIN_SELF = YES;
				CLANG_WARN_OBJC_LITERAL_CONVERSION = YES;
				CLANG_WARN_OBJC_ROOT_CLASS = YES_ERROR;
				CLANG_WARN_RANGE_LOOP_ANALYSIS = YES;
				CLANG_WARN_STRICT_PROTOTYPES = YES;
				CLANG_WARN_SUSPICIOUS_MOVE = YES;
				CLANG_WARN_UNGUARDED_AVAILABILITY = YES_AGGRESSIVE;
				CLANG_WARN_UNREACHABLE_CODE = YES;
				CLANG_WARN__DUPLICATE_METHOD_MATCH = YES;
				CODE_SIGN_IDENTITY = "iPhone Developer";
				COPY_PHASE_STRIP = NO;
				DEBUG_INFORMATION_FORMAT = dwarf;
				ENABLE_STRICT_OBJC_MSGSEND = YES;
				ENABLE_TESTABILITY = YES;
				GCC_C_LANGUAGE_STANDARD = gnu11;
				GCC_DYNAMIC_NO_PIC = NO;
				GCC_NO_COMMON_BLOCKS = YES;
				GCC_OPTIMIZATION_LEVEL = 0;
				GCC_PREPROCESSOR_DEFINITIONS = (
					"DEBUG=1",
					"$(inherited)",
				);
				GCC_WARN_64_TO_32_BIT_CONVERSION = YES;
				GCC_WARN_ABOUT_RETURN_TYPE = YES_ERROR;
				GCC_WARN_UNDECLARED_SELECTOR = YES;
				GCC_WARN_UNINITIALIZED_AUTOS = YES_AGGRESSIVE;
				GCC_WARN_UNUSED_FUNCTION = YES;
				GCC_WARN_UNUSED_VARIABLE = YES;
				IPHONEOS_DEPLOYMENT_TARGET = 11.4;
				MTL_ENABLE_DEBUG_INFO = YES;
				ONLY_ACTIVE_ARCH = YES;
				SDKROOT = iphoneos;
				SWIFT_ACTIVE_COMPILATION_CONDITIONS = DEBUG;
				SWIFT_OPTIMIZATION_LEVEL = "-Onone";
			};
			name = Debug;
		};
		8D00D6DD2146D57900672EB7 /* Release */ = {
			isa = XCBuildConfiguration;
			buildSettings = {
				ALWAYS_SEARCH_USER_PATHS = NO;
				CLANG_ANALYZER_NONNULL = YES;
				CLANG_ANALYZER_NUMBER_OBJECT_CONVERSION = YES_AGGRESSIVE;
				CLANG_CXX_LANGUAGE_STANDARD = "gnu++14";
				CLANG_CXX_LIBRARY = "libc++";
				CLANG_ENABLE_MODULES = YES;
				CLANG_ENABLE_OBJC_ARC = YES;
				CLANG_ENABLE_OBJC_WEAK = YES;
				CLANG_WARN_BLOCK_CAPTURE_AUTORELEASING = YES;
				CLANG_WARN_BOOL_CONVERSION = YES;
				CLANG_WARN_COMMA = YES;
				CLANG_WARN_CONSTANT_CONVERSION = YES;
				CLANG_WARN_DEPRECATED_OBJC_IMPLEMENTATIONS = YES;
				CLANG_WARN_DIRECT_OBJC_ISA_USAGE = YES_ERROR;
				CLANG_WARN_DOCUMENTATION_COMMENTS = YES;
				CLANG_WARN_EMPTY_BODY = YES;
				CLANG_WARN_ENUM_CONVERSION = YES;
				CLANG_WARN_INFINITE_RECURSION = YES;
				CLANG_WARN_INT_CONVERSION = YES;
				CLANG_WARN_NON_LITERAL_NULL_CONVERSION = YES;
				CLANG_WARN_OBJC_IMPLICIT_RETAIN_SELF = YES;
				CLANG_WARN_OBJC_LITERAL_CONVERSION = YES;
				CLANG_WARN_OBJC_ROOT_CLASS = YES_ERROR;
				CLANG_WARN_RANGE_LOOP_ANALYSIS = YES;
				CLANG_WARN_STRICT_PROTOTYPES = YES;
				CLANG_WARN_SUSPICIOUS_MOVE = YES;
				CLANG_WARN_UNGUARDED_AVAILABILITY = YES_AGGRESSIVE;
				CLANG_WARN_UNREACHABLE_CODE = YES;
				CLANG_WARN__DUPLICATE_METHOD_MATCH = YES;
				CODE_SIGN_IDENTITY = "iPhone Developer";
				COPY_PHASE_STRIP = NO;
				DEBUG_INFORMATION_FORMAT = "dwarf-with-dsym";
				ENABLE_NS_ASSERTIONS = NO;
				ENABLE_STRICT_OBJC_MSGSEND = YES;
				GCC_C_LANGUAGE_STANDARD = gnu11;
				GCC_NO_COMMON_BLOCKS = YES;
				GCC_WARN_64_TO_32_BIT_CONVERSION = YES;
				GCC_WARN_ABOUT_RETURN_TYPE = YES_ERROR;
				GCC_WARN_UNDECLARED_SELECTOR = YES;
				GCC_WARN_UNINITIALIZED_AUTOS = YES_AGGRESSIVE;
				GCC_WARN_UNUSED_FUNCTION = YES;
				GCC_WARN_UNUSED_VARIABLE = YES;
				IPHONEOS_DEPLOYMENT_TARGET = 11.4;
				MTL_ENABLE_DEBUG_INFO = NO;
				SDKROOT = iphoneos;
				SWIFT_COMPILATION_MODE = wholemodule;
				SWIFT_OPTIMIZATION_LEVEL = "-O";
				VALIDATE_PRODUCT = YES;
			};
			name = Release;
		};
		8D00D6DF2146D57900672EB7 /* Debug */ = {
			isa = XCBuildConfiguration;
			buildSettings = {
				ASSETCATALOG_COMPILER_APPICON_NAME = AppIcon;
				CODE_SIGN_STYLE = Automatic;
				INFOPLIST_FILE = SafeArea/Info.plist;
				LD_RUNPATH_SEARCH_PATHS = (
					"$(inherited)",
					"@executable_path/Frameworks",
				);
				PRODUCT_BUNDLE_IDENTIFIER = com.swiswiswift.SafeArea;
				PRODUCT_NAME = "$(TARGET_NAME)";
				SWIFT_VERSION = 4.0;
				TARGETED_DEVICE_FAMILY = "1,2";
			};
			name = Debug;
		};
		8D00D6E02146D57900672EB7 /* Release */ = {
			isa = XCBuildConfiguration;
			buildSettings = {
				ASSETCATALOG_COMPILER_APPICON_NAME = AppIcon;
				CODE_SIGN_STYLE = Automatic;
				INFOPLIST_FILE = SafeArea/Info.plist;
				LD_RUNPATH_SEARCH_PATHS = (
					"$(inherited)",
					"@executable_path/Frameworks",
				);
				PRODUCT_BUNDLE_IDENTIFIER = com.swiswiswift.SafeArea;
				PRODUCT_NAME = "$(TARGET_NAME)";
				SWIFT_VERSION = 4.0;
				TARGETED_DEVICE_FAMILY = "1,2";
			};
			name = Release;
		};
		8D00D6E22146D57900672EB7 /* Debug */ = {
			isa = XCBuildConfiguration;
			buildSettings = {
				ALWAYS_EMBED_SWIFT_STANDARD_LIBRARIES = YES;
				BUNDLE_LOADER = "$(TEST_HOST)";
				CODE_SIGN_STYLE = Automatic;
				INFOPLIST_FILE = SafeAreaTests/Info.plist;
				LD_RUNPATH_SEARCH_PATHS = (
					"$(inherited)",
					"@executable_path/Frameworks",
					"@loader_path/Frameworks",
				);
				PRODUCT_BUNDLE_IDENTIFIER = com.swiswiswift.SafeAreaTests;
				PRODUCT_NAME = "$(TARGET_NAME)";
				SWIFT_VERSION = 4.0;
				TARGETED_DEVICE_FAMILY = "1,2";
				TEST_HOST = "$(BUILT_PRODUCTS_DIR)/SafeArea.app/SafeArea";
			};
			name = Debug;
		};
		8D00D6E32146D57900672EB7 /* Release */ = {
			isa = XCBuildConfiguration;
			buildSettings = {
				ALWAYS_EMBED_SWIFT_STANDARD_LIBRARIES = YES;
				BUNDLE_LOADER = "$(TEST_HOST)";
				CODE_SIGN_STYLE = Automatic;
				INFOPLIST_FILE = SafeAreaTests/Info.plist;
				LD_RUNPATH_SEARCH_PATHS = (
					"$(inherited)",
					"@executable_path/Frameworks",
					"@loader_path/Frameworks",
				);
				PRODUCT_BUNDLE_IDENTIFIER = com.swiswiswift.SafeAreaTests;
				PRODUCT_NAME = "$(TARGET_NAME)";
				SWIFT_VERSION = 4.0;
				TARGETED_DEVICE_FAMILY = "1,2";
				TEST_HOST = "$(BUILT_PRODUCTS_DIR)/SafeArea.app/SafeArea";
			};
			name = Release;
		};
		8D00D6E52146D57900672EB7 /* Debug */ = {
			isa = XCBuildConfiguration;
			buildSettings = {
				ALWAYS_EMBED_SWIFT_STANDARD_LIBRARIES = YES;
				CODE_SIGN_STYLE = Automatic;
				INFOPLIST_FILE = SafeAreaUITests/Info.plist;
				LD_RUNPATH_SEARCH_PATHS = (
					"$(inherited)",
					"@executable_path/Frameworks",
					"@loader_path/Frameworks",
				);
				PRODUCT_BUNDLE_IDENTIFIER = com.swiswiswift.SafeAreaUITests;
				PRODUCT_NAME = "$(TARGET_NAME)";
				SWIFT_VERSION = 4.0;
				TARGETED_DEVICE_FAMILY = "1,2";
				TEST_TARGET_NAME = SafeArea;
			};
			name = Debug;
		};
		8D00D6E62146D57900672EB7 /* Release */ = {
			isa = XCBuildConfiguration;
			buildSettings = {
				ALWAYS_EMBED_SWIFT_STANDARD_LIBRARIES = YES;
				CODE_SIGN_STYLE = Automatic;
				INFOPLIST_FILE = SafeAreaUITests/Info.plist;
				LD_RUNPATH_SEARCH_PATHS = (
					"$(inherited)",
					"@executable_path/Frameworks",
					"@loader_path/Frameworks",
				);
				PRODUCT_BUNDLE_IDENTIFIER = com.swiswiswift.SafeAreaUITests;
				PRODUCT_NAME = "$(TARGET_NAME)";
				SWIFT_VERSION = 4.0;
				TARGETED_DEVICE_FAMILY = "1,2";
				TEST_TARGET_NAME = SafeArea;
			};
			name = Release;
		};
/* End XCBuildConfiguration section */

/* Begin XCConfigurationList section */
		8D00D6B12146D57600672EB7 /* Build configuration list for PBXProject "SafeArea" */ = {
			isa = XCConfigurationList;
			buildConfigurations = (
				8D00D6DC2146D57900672EB7 /* Debug */,
				8D00D6DD2146D57900672EB7 /* Release */,
			);
			defaultConfigurationIsVisible = 0;
			defaultConfigurationName = Release;
		};
		8D00D6DE2146D57900672EB7 /* Build configuration list for PBXNativeTarget "SafeArea" */ = {
			isa = XCConfigurationList;
			buildConfigurations = (
				8D00D6DF2146D57900672EB7 /* Debug */,
				8D00D6E02146D57900672EB7 /* Release */,
			);
			defaultConfigurationIsVisible = 0;
			defaultConfigurationName = Release;
		};
		8D00D6E12146D57900672EB7 /* Build configuration list for PBXNativeTarget "SafeAreaTests" */ = {
			isa = XCConfigurationList;
			buildConfigurations = (
				8D00D6E22146D57900672EB7 /* Debug */,
				8D00D6E32146D57900672EB7 /* Release */,
			);
			defaultConfigurationIsVisible = 0;
			defaultConfigurationName = Release;
		};
		8D00D6E42146D57900672EB7 /* Build configuration list for PBXNativeTarget "SafeAreaUITests" */ = {
			isa = XCConfigurationList;
			buildConfigurations = (
				8D00D6E52146D57900672EB7 /* Debug */,
				8D00D6E62146D57900672EB7 /* Release */,
			);
			defaultConfigurationIsVisible = 0;
			defaultConfigurationName = Release;
		};
/* End XCConfigurationList section */
	};
	rootObject = 8D00D6AE2146D57600672EB7 /* Project object */;
}
