// !$*UTF8*$!
{
	archiveVersion = 1;
	classes = {
	};
	objectVersion = 50;
	objects = {

/* Begin PBXBuildFile section */
		8DB45B7021383FF800F1C5A7 /* AppDelegate.swift in Sources */ = {isa = PBXBuildFile; fileRef = 8DB45B6F21383FF800F1C5A7 /* AppDelegate.swift */; };
		8DB45B7221383FF800F1C5A7 /* ViewController.swift in Sources */ = {isa = PBXBuildFile; fileRef = 8DB45B7121383FF800F1C5A7 /* ViewController.swift */; };
		8DB45B7521383FF800F1C5A7 /* Main.storyboard in Resources */ = {isa = PBXBuildFile; fileRef = 8DB45B7321383FF800F1C5A7 /* Main.storyboard */; };
		8DB45B7721383FFA00F1C5A7 /* Assets.xcassets in Resources */ = {isa = PBXBuildFile; fileRef = 8DB45B7621383FFA00F1C5A7 /* Assets.xcassets */; };
		8DB45B7A21383FFA00F1C5A7 /* LaunchScreen.storyboard in Resources */ = {isa = PBXBuildFile; fileRef = 8DB45B7821383FFA00F1C5A7 /* LaunchScreen.storyboard */; };
		8DB45B8521383FFA00F1C5A7 /* HelloWorldTests.swift in Sources */ = {isa = PBXBuildFile; fileRef = 8DB45B8421383FFA00F1C5A7 /* HelloWorldTests.swift */; };
		8DB45B9021383FFA00F1C5A7 /* HelloWorldUITests.swift in Sources */ = {isa = PBXBuildFile; fileRef = 8DB45B8F21383FFA00F1C5A7 /* HelloWorldUITests.swift */; };
/* End PBXBuildFile section */

/* Begin PBXContainerItemProxy section */
		8DB45B8121383FFA00F1C5A7 /* PBXContainerItemProxy */ = {
			isa = PBXContainerItemProxy;
			containerPortal = 8DB45B6421383FF800F1C5A7 /* Project object */;
			proxyType = 1;
			remoteGlobalIDString = 8DB45B6B21383FF800F1C5A7;
			remoteInfo = HelloWorld;
		};
		8DB45B8C21383FFA00F1C5A7 /* PBXContainerItemProxy */ = {
			isa = PBXContainerItemProxy;
			containerPortal = 8DB45B6421383FF800F1C5A7 /* Project object */;
			proxyType = 1;
			remoteGlobalIDString = 8DB45B6B21383FF800F1C5A7;
			remoteInfo = HelloWorld;
		};
/* End PBXContainerItemProxy section */

/* Begin PBXFileReference section */
		8DB45B6C21383FF800F1C5A7 /* HelloWorld.app */ = {isa = PBXFileReference; explicitFileType = wrapper.application; includeInIndex = 0; path = HelloWorld.app; sourceTree = BUILT_PRODUCTS_DIR; };
		8DB45B6F21383FF800F1C5A7 /* AppDelegate.swift */ = {isa = PBXFileReference; lastKnownFileType = sourcecode.swift; path = AppDelegate.swift; sourceTree = "<group>"; };
		8DB45B7121383FF800F1C5A7 /* ViewController.swift */ = {isa = PBXFileReference; lastKnownFileType = sourcecode.swift; path = ViewController.swift; sourceTree = "<group>"; };
		8DB45B7421383FF800F1C5A7 /* Base */ = {isa = PBXFileReference; lastKnownFileType = file.storyboard; name = Base; path = Base.lproj/Main.storyboard; sourceTree = "<group>"; };
		8DB45B7621383FFA00F1C5A7 /* Assets.xcassets */ = {isa = PBXFileReference; lastKnownFileType = folder.assetcatalog; path = Assets.xcassets; sourceTree = "<group>"; };
		8DB45B7921383FFA00F1C5A7 /* Base */ = {isa = PBXFileReference; lastKnownFileType = file.storyboard; name = Base; path = Base.lproj/LaunchScreen.storyboard; sourceTree = "<group>"; };
		8DB45B7B21383FFA00F1C5A7 /* Info.plist */ = {isa = PBXFileReference; lastKnownFileType = text.plist.xml; path = Info.plist; sourceTree = "<group>"; };
		8DB45B8021383FFA00F1C5A7 /* HelloWorldTests.xctest */ = {isa = PBXFileReference; explicitFileType = wrapper.cfbundle; includeInIndex = 0; path = HelloWorldTests.xctest; sourceTree = BUILT_PRODUCTS_DIR; };
		8DB45B8421383FFA00F1C5A7 /* HelloWorldTests.swift */ = {isa = PBXFileReference; lastKnownFileType = sourcecode.swift; path = HelloWorldTests.swift; sourceTree = "<group>"; };
		8DB45B8621383FFA00F1C5A7 /* Info.plist */ = {isa = PBXFileReference; lastKnownFileType = text.plist.xml; path = Info.plist; sourceTree = "<group>"; };
		8DB45B8B21383FFA00F1C5A7 /* HelloWorldUITests.xctest */ = {isa = PBXFileReference; explicitFileType = wrapper.cfbundle; includeInIndex = 0; path = HelloWorldUITests.xctest; sourceTree = BUILT_PRODUCTS_DIR; };
		8DB45B8F21383FFA00F1C5A7 /* HelloWorldUITests.swift */ = {isa = PBXFileReference; lastKnownFileType = sourcecode.swift; path = HelloWorldUITests.swift; sourceTree = "<group>"; };
		8DB45B9121383FFA00F1C5A7 /* Info.plist */ = {isa = PBXFileReference; lastKnownFileType = text.plist.xml; path = Info.plist; sourceTree = "<group>"; };
/* End PBXFileReference section */

/* Begin PBXFrameworksBuildPhase section */
		8DB45B6921383FF800F1C5A7 /* Frameworks */ = {
			isa = PBXFrameworksBuildPhase;
			buildActionMask = 2147483647;
			files = (
			);
			runOnlyForDeploymentPostprocessing = 0;
		};
		8DB45B7D21383FFA00F1C5A7 /* Frameworks */ = {
			isa = PBXFrameworksBuildPhase;
			buildActionMask = 2147483647;
			files = (
			);
			runOnlyForDeploymentPostprocessing = 0;
		};
		8DB45B8821383FFA00F1C5A7 /* Frameworks */ = {
			isa = PBXFrameworksBuildPhase;
			buildActionMask = 2147483647;
			files = (
			);
			runOnlyForDeploymentPostprocessing = 0;
		};
/* End PBXFrameworksBuildPhase section */

/* Begin PBXGroup section */
		8DB45B6321383FF800F1C5A7 = {
			isa = PBXGroup;
			children = (
				8DB45B6E21383FF800F1C5A7 /* HelloWorld */,
				8DB45B8321383FFA00F1C5A7 /* HelloWorldTests */,
				8DB45B8E21383FFA00F1C5A7 /* HelloWorldUITests */,
				8DB45B6D21383FF800F1C5A7 /* Products */,
			);
			sourceTree = "<group>";
		};
		8DB45B6D21383FF800F1C5A7 /* Products */ = {
			isa = PBXGroup;
			children = (
				8DB45B6C21383FF800F1C5A7 /* HelloWorld.app */,
				8DB45B8021383FFA00F1C5A7 /* HelloWorldTests.xctest */,
				8DB45B8B21383FFA00F1C5A7 /* HelloWorldUITests.xctest */,
			);
			name = Products;
			sourceTree = "<group>";
		};
		8DB45B6E21383FF800F1C5A7 /* HelloWorld */ = {
			isa = PBXGroup;
			children = (
				8DB45B6F21383FF800F1C5A7 /* AppDelegate.swift */,
				8DB45B7121383FF800F1C5A7 /* ViewController.swift */,
				8DB45B7321383FF800F1C5A7 /* Main.storyboard */,
				8DB45B7621383FFA00F1C5A7 /* Assets.xcassets */,
				8DB45B7821383FFA00F1C5A7 /* LaunchScreen.storyboard */,
				8DB45B7B21383FFA00F1C5A7 /* Info.plist */,
			);
			path = HelloWorld;
			sourceTree = "<group>";
		};
		8DB45B8321383FFA00F1C5A7 /* HelloWorldTests */ = {
			isa = PBXGroup;
			children = (
				8DB45B8421383FFA00F1C5A7 /* HelloWorldTests.swift */,
				8DB45B8621383FFA00F1C5A7 /* Info.plist */,
			);
			path = HelloWorldTests;
			sourceTree = "<group>";
		};
		8DB45B8E21383FFA00F1C5A7 /* HelloWorldUITests */ = {
			isa = PBXGroup;
			children = (
				8DB45B8F21383FFA00F1C5A7 /* HelloWorldUITests.swift */,
				8DB45B9121383FFA00F1C5A7 /* Info.plist */,
			);
			path = HelloWorldUITests;
			sourceTree = "<group>";
		};
/* End PBXGroup section */

/* Begin PBXNativeTarget section */
		8DB45B6B21383FF800F1C5A7 /* HelloWorld */ = {
			isa = PBXNativeTarget;
			buildConfigurationList = 8DB45B9421383FFA00F1C5A7 /* Build configuration list for PBXNativeTarget "HelloWorld" */;
			buildPhases = (
				8DB45B6821383FF800F1C5A7 /* Sources */,
				8DB45B6921383FF800F1C5A7 /* Frameworks */,
				8DB45B6A21383FF800F1C5A7 /* Resources */,
			);
			buildRules = (
			);
			dependencies = (
			);
			name = HelloWorld;
			productName = HelloWorld;
			productReference = 8DB45B6C21383FF800F1C5A7 /* HelloWorld.app */;
			productType = "com.apple.product-type.application";
		};
		8DB45B7F21383FFA00F1C5A7 /* HelloWorldTests */ = {
			isa = PBXNativeTarget;
			buildConfigurationList = 8DB45B9721383FFA00F1C5A7 /* Build configuration list for PBXNativeTarget "HelloWorldTests" */;
			buildPhases = (
				8DB45B7C21383FFA00F1C5A7 /* Sources */,
				8DB45B7D21383FFA00F1C5A7 /* Frameworks */,
				8DB45B7E21383FFA00F1C5A7 /* Resources */,
			);
			buildRules = (
			);
			dependencies = (
				8DB45B8221383FFA00F1C5A7 /* PBXTargetDependency */,
			);
			name = HelloWorldTests;
			productName = HelloWorldTests;
			productReference = 8DB45B8021383FFA00F1C5A7 /* HelloWorldTests.xctest */;
			productType = "com.apple.product-type.bundle.unit-test";
		};
		8DB45B8A21383FFA00F1C5A7 /* HelloWorldUITests */ = {
			isa = PBXNativeTarget;
			buildConfigurationList = 8DB45B9A21383FFA00F1C5A7 /* Build configuration list for PBXNativeTarget "HelloWorldUITests" */;
			buildPhases = (
				8DB45B8721383FFA00F1C5A7 /* Sources */,
				8DB45B8821383FFA00F1C5A7 /* Frameworks */,
				8DB45B8921383FFA00F1C5A7 /* Resources */,
			);
			buildRules = (
			);
			dependencies = (
				8DB45B8D21383FFA00F1C5A7 /* PBXTargetDependency */,
			);
			name = HelloWorldUITests;
			productName = HelloWorldUITests;
			productReference = 8DB45B8B21383FFA00F1C5A7 /* HelloWorldUITests.xctest */;
			productType = "com.apple.product-type.bundle.ui-testing";
		};
/* End PBXNativeTarget section */

/* Begin PBXProject section */
		8DB45B6421383FF800F1C5A7 /* Project object */ = {
			isa = PBXProject;
			attributes = {
				LastSwiftUpdateCheck = 0940;
				LastUpgradeCheck = 0940;
				ORGANIZATIONNAME = "junpei ono";
				TargetAttributes = {
					8DB45B6B21383FF800F1C5A7 = {
						CreatedOnToolsVersion = 9.4.1;
					};
					8DB45B7F21383FFA00F1C5A7 = {
						CreatedOnToolsVersion = 9.4.1;
						TestTargetID = 8DB45B6B21383FF800F1C5A7;
					};
					8DB45B8A21383FFA00F1C5A7 = {
						CreatedOnToolsVersion = 9.4.1;
						TestTargetID = 8DB45B6B21383FF800F1C5A7;
					};
				};
			};
			buildConfigurationList = 8DB45B6721383FF800F1C5A7 /* Build configuration list for PBXProject "HelloWorld" */;
			compatibilityVersion = "Xcode 9.3";
			developmentRegion = en;
			hasScannedForEncodings = 0;
			knownRegions = (
				en,
				Base,
			);
			mainGroup = 8DB45B6321383FF800F1C5A7;
			productRefGroup = 8DB45B6D21383FF800F1C5A7 /* Products */;
			projectDirPath = "";
			projectRoot = "";
			targets = (
				8DB45B6B21383FF800F1C5A7 /* HelloWorld */,
				8DB45B7F21383FFA00F1C5A7 /* HelloWorldTests */,
				8DB45B8A21383FFA00F1C5A7 /* HelloWorldUITests */,
			);
		};
/* End PBXProject section */

/* Begin PBXResourcesBuildPhase section */
		8DB45B6A21383FF800F1C5A7 /* Resources */ = {
			isa = PBXResourcesBuildPhase;
			buildActionMask = 2147483647;
			files = (
				8DB45B7A21383FFA00F1C5A7 /* LaunchScreen.storyboard in Resources */,
				8DB45B7721383FFA00F1C5A7 /* Assets.xcassets in Resources */,
				8DB45B7521383FF800F1C5A7 /* Main.storyboard in Resources */,
			);
			runOnlyForDeploymentPostprocessing = 0;
		};
		8DB45B7E21383FFA00F1C5A7 /* Resources */ = {
			isa = PBXResourcesBuildPhase;
			buildActionMask = 2147483647;
			files = (
			);
			runOnlyForDeploymentPostprocessing = 0;
		};
		8DB45B8921383FFA00F1C5A7 /* Resources */ = {
			isa = PBXResourcesBuildPhase;
			buildActionMask = 2147483647;
			files = (
			);
			runOnlyForDeploymentPostprocessing = 0;
		};
/* End PBXResourcesBuildPhase section */

/* Begin PBXSourcesBuildPhase section */
		8DB45B6821383FF800F1C5A7 /* Sources */ = {
			isa = PBXSourcesBuildPhase;
			buildActionMask = 2147483647;
			files = (
				8DB45B7221383FF800F1C5A7 /* ViewController.swift in Sources */,
				8DB45B7021383FF800F1C5A7 /* AppDelegate.swift in Sources */,
			);
			runOnlyForDeploymentPostprocessing = 0;
		};
		8DB45B7C21383FFA00F1C5A7 /* Sources */ = {
			isa = PBXSourcesBuildPhase;
			buildActionMask = 2147483647;
			files = (
				8DB45B8521383FFA00F1C5A7 /* HelloWorldTests.swift in Sources */,
			);
			runOnlyForDeploymentPostprocessing = 0;
		};
		8DB45B8721383FFA00F1C5A7 /* Sources */ = {
			isa = PBXSourcesBuildPhase;
			buildActionMask = 2147483647;
			files = (
				8DB45B9021383FFA00F1C5A7 /* HelloWorldUITests.swift in Sources */,
			);
			runOnlyForDeploymentPostprocessing = 0;
		};
/* End PBXSourcesBuildPhase section */

/* Begin PBXTargetDependency section */
		8DB45B8221383FFA00F1C5A7 /* PBXTargetDependency */ = {
			isa = PBXTargetDependency;
			target = 8DB45B6B21383FF800F1C5A7 /* HelloWorld */;
			targetProxy = 8DB45B8121383FFA00F1C5A7 /* PBXContainerItemProxy */;
		};
		8DB45B8D21383FFA00F1C5A7 /* PBXTargetDependency */ = {
			isa = PBXTargetDependency;
			target = 8DB45B6B21383FF800F1C5A7 /* HelloWorld */;
			targetProxy = 8DB45B8C21383FFA00F1C5A7 /* PBXContainerItemProxy */;
		};
/* End PBXTargetDependency section */

/* Begin PBXVariantGroup section */
		8DB45B7321383FF800F1C5A7 /* Main.storyboard */ = {
			isa = PBXVariantGroup;
			children = (
				8DB45B7421383FF800F1C5A7 /* Base */,
			);
			name = Main.storyboard;
			sourceTree = "<group>";
		};
		8DB45B7821383FFA00F1C5A7 /* LaunchScreen.storyboard */ = {
			isa = PBXVariantGroup;
			children = (
				8DB45B7921383FFA00F1C5A7 /* Base */,
			);
			name = LaunchScreen.storyboard;
			sourceTree = "<group>";
		};
/* End PBXVariantGroup section */

/* Begin XCBuildConfiguration section */
		8DB45B9221383FFA00F1C5A7 /* Debug */ = {
			isa = XCBuildConfiguration;
			buildSettings = {
				ALWAYS_SEARCH_USER_PATHS = NO;
				CLANG_ANALYZER_NONNULL = YES;
				CLANG_ANALYZER_NUMBER_OBJECT_CONVERSION = YES_AGGRESSIVE;
				CLANG_CXX_LANGUAGE_STANDARD = "gnu++14";
				CLANG_CXX_LIBRARY = "libc++";
				CLANG_ENABLE_MODULES = YES;
				CLANG_ENABLE_OBJC_ARC = YES;
				CLANG_ENABLE_OBJC_WEAK = YES;
				CLANG_WARN_BLOCK_CAPTURE_AUTORELEASING = YES;
				CLANG_WARN_BOOL_CONVERSION = YES;
				CLANG_WARN_COMMA = YES;
				CLANG_WARN_CONSTANT_CONVERSION = YES;
				CLANG_WARN_DEPRECATED_OBJC_IMPLEMENTATIONS = YES;
				CLANG_WARN_DIRECT_OBJC_ISA_USAGE = YES_ERROR;
				CLANG_WARN_DOCUMENTATION_COMMENTS = YES;
				CLANG_WARN_EMPTY_BODY = YES;
				CLANG_WARN_ENUM_CONVERSION = YES;
				CLANG_WARN_INFINITE_RECURSION = YES;
				CLANG_WARN_INT_CONVERSION = YES;
				CLANG_WARN_NON_LITERAL_NULL_CONVERSION = YES;
				CLANG_WARN_OBJC_IMPLICIT_RETAIN_SELF = YES;
				CLANG_WARN_OBJC_LITERAL_CONVERSION = YES;
				CLANG_WARN_OBJC_ROOT_CLASS = YES_ERROR;
				CLANG_WARN_RANGE_LOOP_ANALYSIS = YES;
				CLANG_WARN_STRICT_PROTOTYPES = YES;
				CLANG_WARN_SUSPICIOUS_MOVE = YES;
				CLANG_WARN_UNGUARDED_AVAILABILITY = YES_AGGRESSIVE;
				CLANG_WARN_UNREACHABLE_CODE = YES;
				CLANG_WARN__DUPLICATE_METHOD_MATCH = YES;
				CODE_SIGN_IDENTITY = "iPhone Developer";
				COPY_PHASE_STRIP = NO;
				DEBUG_INFORMATION_FORMAT = dwarf;
				ENABLE_STRICT_OBJC_MSGSEND = YES;
				ENABLE_TESTABILITY = YES;
				GCC_C_LANGUAGE_STANDARD = gnu11;
				GCC_DYNAMIC_NO_PIC = NO;
				GCC_NO_COMMON_BLOCKS = YES;
				GCC_OPTIMIZATION_LEVEL = 0;
				GCC_PREPROCESSOR_DEFINITIONS = (
					"DEBUG=1",
					"$(inherited)",
				);
				GCC_WARN_64_TO_32_BIT_CONVERSION = YES;
				GCC_WARN_ABOUT_RETURN_TYPE = YES_ERROR;
				GCC_WARN_UNDECLARED_SELECTOR = YES;
				GCC_WARN_UNINITIALIZED_AUTOS = YES_AGGRESSIVE;
				GCC_WARN_UNUSED_FUNCTION = YES;
				GCC_WARN_UNUSED_VARIABLE = YES;
				IPHONEOS_DEPLOYMENT_TARGET = 11.4;
				MTL_ENABLE_DEBUG_INFO = YES;
				ONLY_ACTIVE_ARCH = YES;
				SDKROOT = iphoneos;
				SWIFT_ACTIVE_COMPILATION_CONDITIONS = DEBUG;
				SWIFT_OPTIMIZATION_LEVEL = "-Onone";
			};
			name = Debug;
		};
		8DB45B9321383FFA00F1C5A7 /* Release */ = {
			isa = XCBuildConfiguration;
			buildSettings = {
				ALWAYS_SEARCH_USER_PATHS = NO;
				CLANG_ANALYZER_NONNULL = YES;
				CLANG_ANALYZER_NUMBER_OBJECT_CONVERSION = YES_AGGRESSIVE;
				CLANG_CXX_LANGUAGE_STANDARD = "gnu++14";
				CLANG_CXX_LIBRARY = "libc++";
				CLANG_ENABLE_MODULES = YES;
				CLANG_ENABLE_OBJC_ARC = YES;
				CLANG_ENABLE_OBJC_WEAK = YES;
				CLANG_WARN_BLOCK_CAPTURE_AUTORELEASING = YES;
				CLANG_WARN_BOOL_CONVERSION = YES;
				CLANG_WARN_COMMA = YES;
				CLANG_WARN_CONSTANT_CONVERSION = YES;
				CLANG_WARN_DEPRECATED_OBJC_IMPLEMENTATIONS = YES;
				CLANG_WARN_DIRECT_OBJC_ISA_USAGE = YES_ERROR;
				CLANG_WARN_DOCUMENTATION_COMMENTS = YES;
				CLANG_WARN_EMPTY_BODY = YES;
				CLANG_WARN_ENUM_CONVERSION = YES;
				CLANG_WARN_INFINITE_RECURSION = YES;
				CLANG_WARN_INT_CONVERSION = YES;
				CLANG_WARN_NON_LITERAL_NULL_CONVERSION = YES;
				CLANG_WARN_OBJC_IMPLICIT_RETAIN_SELF = YES;
				CLANG_WARN_OBJC_LITERAL_CONVERSION = YES;
				CLANG_WARN_OBJC_ROOT_CLASS = YES_ERROR;
				CLANG_WARN_RANGE_LOOP_ANALYSIS = YES;
				CLANG_WARN_STRICT_PROTOTYPES = YES;
				CLANG_WARN_SUSPICIOUS_MOVE = YES;
				CLANG_WARN_UNGUARDED_AVAILABILITY = YES_AGGRESSIVE;
				CLANG_WARN_UNREACHABLE_CODE = YES;
				CLANG_WARN__DUPLICATE_METHOD_MATCH = YES;
				CODE_SIGN_IDENTITY = "iPhone Developer";
				COPY_PHASE_STRIP = NO;
				DEBUG_INFORMATION_FORMAT = "dwarf-with-dsym";
				ENABLE_NS_ASSERTIONS = NO;
				ENABLE_STRICT_OBJC_MSGSEND = YES;
				GCC_C_LANGUAGE_STANDARD = gnu11;
				GCC_NO_COMMON_BLOCKS = YES;
				GCC_WARN_64_TO_32_BIT_CONVERSION = YES;
				GCC_WARN_ABOUT_RETURN_TYPE = YES_ERROR;
				GCC_WARN_UNDECLARED_SELECTOR = YES;
				GCC_WARN_UNINITIALIZED_AUTOS = YES_AGGRESSIVE;
				GCC_WARN_UNUSED_FUNCTION = YES;
				GCC_WARN_UNUSED_VARIABLE = YES;
				IPHONEOS_DEPLOYMENT_TARGET = 11.4;
				MTL_ENABLE_DEBUG_INFO = NO;
				SDKROOT = iphoneos;
				SWIFT_COMPILATION_MODE = wholemodule;
				SWIFT_OPTIMIZATION_LEVEL = "-O";
				VALIDATE_PRODUCT = YES;
			};
			name = Release;
		};
		8DB45B9521383FFA00F1C5A7 /* Debug */ = {
			isa = XCBuildConfiguration;
			buildSettings = {
				ASSETCATALOG_COMPILER_APPICON_NAME = AppIcon;
				CODE_SIGN_STYLE = Manual;
				DEVELOPMENT_TEAM = "";
				INFOPLIST_FILE = HelloWorld/Info.plist;
				LD_RUNPATH_SEARCH_PATHS = (
					"$(inherited)",
					"@executable_path/Frameworks",
				);
				PRODUCT_BUNDLE_IDENTIFIER = com.swiswiswift.HelloWorld;
				PRODUCT_NAME = "$(TARGET_NAME)";
				PROVISIONING_PROFILE_SPECIFIER = "";
				SWIFT_VERSION = 4.0;
				TARGETED_DEVICE_FAMILY = "1,2";
			};
			name = Debug;
		};
		8DB45B9621383FFA00F1C5A7 /* Release */ = {
			isa = XCBuildConfiguration;
			buildSettings = {
				ASSETCATALOG_COMPILER_APPICON_NAME = AppIcon;
				CODE_SIGN_STYLE = Manual;
				DEVELOPMENT_TEAM = "";
				INFOPLIST_FILE = HelloWorld/Info.plist;
				LD_RUNPATH_SEARCH_PATHS = (
					"$(inherited)",
					"@executable_path/Frameworks",
				);
				PRODUCT_BUNDLE_IDENTIFIER = com.swiswiswift.HelloWorld;
				PRODUCT_NAME = "$(TARGET_NAME)";
				PROVISIONING_PROFILE_SPECIFIER = "";
				SWIFT_VERSION = 4.0;
				TARGETED_DEVICE_FAMILY = "1,2";
			};
			name = Release;
		};
		8DB45B9821383FFA00F1C5A7 /* Debug */ = {
			isa = XCBuildConfiguration;
			buildSettings = {
				ALWAYS_EMBED_SWIFT_STANDARD_LIBRARIES = YES;
				BUNDLE_LOADER = "$(TEST_HOST)";
				CODE_SIGN_STYLE = Automatic;
				DEVELOPMENT_TEAM = 5RH346BQ66;
				INFOPLIST_FILE = HelloWorldTests/Info.plist;
				LD_RUNPATH_SEARCH_PATHS = (
					"$(inherited)",
					"@executable_path/Frameworks",
					"@loader_path/Frameworks",
				);
				PRODUCT_BUNDLE_IDENTIFIER = com.swiswiswift.HelloWorldTests;
				PRODUCT_NAME = "$(TARGET_NAME)";
				SWIFT_VERSION = 4.0;
				TARGETED_DEVICE_FAMILY = "1,2";
				TEST_HOST = "$(BUILT_PRODUCTS_DIR)/HelloWorld.app/HelloWorld";
			};
			name = Debug;
		};
		8DB45B9921383FFA00F1C5A7 /* Release */ = {
			isa = XCBuildConfiguration;
			buildSettings = {
				ALWAYS_EMBED_SWIFT_STANDARD_LIBRARIES = YES;
				BUNDLE_LOADER = "$(TEST_HOST)";
				CODE_SIGN_STYLE = Automatic;
				DEVELOPMENT_TEAM = 5RH346BQ66;
				INFOPLIST_FILE = HelloWorldTests/Info.plist;
				LD_RUNPATH_SEARCH_PATHS = (
					"$(inherited)",
					"@executable_path/Frameworks",
					"@loader_path/Frameworks",
				);
				PRODUCT_BUNDLE_IDENTIFIER = com.swiswiswift.HelloWorldTests;
				PRODUCT_NAME = "$(TARGET_NAME)";
				SWIFT_VERSION = 4.0;
				TARGETED_DEVICE_FAMILY = "1,2";
				TEST_HOST = "$(BUILT_PRODUCTS_DIR)/HelloWorld.app/HelloWorld";
			};
			name = Release;
		};
		8DB45B9B21383FFA00F1C5A7 /* Debug */ = {
			isa = XCBuildConfiguration;
			buildSettings = {
				ALWAYS_EMBED_SWIFT_STANDARD_LIBRARIES = YES;
				CODE_SIGN_STYLE = Automatic;
				DEVELOPMENT_TEAM = 5RH346BQ66;
				INFOPLIST_FILE = HelloWorldUITests/Info.plist;
				LD_RUNPATH_SEARCH_PATHS = (
					"$(inherited)",
					"@executable_path/Frameworks",
					"@loader_path/Frameworks",
				);
				PRODUCT_BUNDLE_IDENTIFIER = com.swiswiswift.HelloWorldUITests;
				PRODUCT_NAME = "$(TARGET_NAME)";
				SWIFT_VERSION = 4.0;
				TARGETED_DEVICE_FAMILY = "1,2";
				TEST_TARGET_NAME = HelloWorld;
			};
			name = Debug;
		};
		8DB45B9C21383FFA00F1C5A7 /* Release */ = {
			isa = XCBuildConfiguration;
			buildSettings = {
				ALWAYS_EMBED_SWIFT_STANDARD_LIBRARIES = YES;
				CODE_SIGN_STYLE = Automatic;
				DEVELOPMENT_TEAM = 5RH346BQ66;
				INFOPLIST_FILE = HelloWorldUITests/Info.plist;
				LD_RUNPATH_SEARCH_PATHS = (
					"$(inherited)",
					"@executable_path/Frameworks",
					"@loader_path/Frameworks",
				);
				PRODUCT_BUNDLE_IDENTIFIER = com.swiswiswift.HelloWorldUITests;
				PRODUCT_NAME = "$(TARGET_NAME)";
				SWIFT_VERSION = 4.0;
				TARGETED_DEVICE_FAMILY = "1,2";
				TEST_TARGET_NAME = HelloWorld;
			};
			name = Release;
		};
/* End XCBuildConfiguration section */

/* Begin XCConfigurationList section */
		8DB45B6721383FF800F1C5A7 /* Build configuration list for PBXProject "HelloWorld" */ = {
			isa = XCConfigurationList;
			buildConfigurations = (
				8DB45B9221383FFA00F1C5A7 /* Debug */,
				8DB45B9321383FFA00F1C5A7 /* Release */,
			);
			defaultConfigurationIsVisible = 0;
			defaultConfigurationName = Release;
		};
		8DB45B9421383FFA00F1C5A7 /* Build configuration list for PBXNativeTarget "HelloWorld" */ = {
			isa = XCConfigurationList;
			buildConfigurations = (
				8DB45B9521383FFA00F1C5A7 /* Debug */,
				8DB45B9621383FFA00F1C5A7 /* Release */,
			);
			defaultConfigurationIsVisible = 0;
			defaultConfigurationName = Release;
		};
		8DB45B9721383FFA00F1C5A7 /* Build configuration list for PBXNativeTarget "HelloWorldTests" */ = {
			isa = XCConfigurationList;
			buildConfigurations = (
				8DB45B9821383FFA00F1C5A7 /* Debug */,
				8DB45B9921383FFA00F1C5A7 /* Release */,
			);
			defaultConfigurationIsVisible = 0;
			defaultConfigurationName = Release;
		};
		8DB45B9A21383FFA00F1C5A7 /* Build configuration list for PBXNativeTarget "HelloWorldUITests" */ = {
			isa = XCConfigurationList;
			buildConfigurations = (
				8DB45B9B21383FFA00F1C5A7 /* Debug */,
				8DB45B9C21383FFA00F1C5A7 /* Release */,
			);
			defaultConfigurationIsVisible = 0;
			defaultConfigurationName = Release;
		};
/* End XCConfigurationList section */
	};
	rootObject = 8DB45B6421383FF800F1C5A7 /* Project object */;
}
